
Microsoft Visual Studio Solution File, Format Version 12.00
# Visual Studio Version 16
VisualStudioVersion = 16.0.31205.134
MinimumVisualStudioVersion = 10.0.40219.1
Project("{2150E333-8FDC-42A3-9474-1A3956D46DE8}") = "Core", "Core", "{A8C83C64-C748-4C20-B738-F03FDD108476}"
EndProject
Project("{2150E333-8FDC-42A3-9474-1A3956D46DE8}") = "Infrastructure", "Infrastructure", "{62CEDA6B-2F3A-42CB-B555-8DB6DDB9BE43}"
EndProject
Project("{2150E333-8FDC-42A3-9474-1A3956D46DE8}") = "Presentation", "Presentation", "{CAD6F5E6-05C8-4A64-AA7F-5B6952BB0DA6}"
EndProject
Project("{2150E333-8FDC-42A3-9474-1A3956D46DE8}") = "Tests", "Tests", "{89070190-38B5-44B7-B47B-868FAE502191}"
EndProject
Project("{9A19103F-16F7-4668-BE54-9A1E7A4F7556}") = "Notes.Domain", "Notes.Domain\Notes.Domain.csproj", "{411C98D6-EB40-4439-BC62-ED51A00A76B7}"
EndProject
Project("{9A19103F-16F7-4668-BE54-9A1E7A4F7556}") = "Notes.Application", "Notes.Application\Notes.Application.csproj", "{91E8803D-126C-4A78-81C5-68E6D34D9A71}"
EndProject
Project("{9A19103F-16F7-4668-BE54-9A1E7A4F7556}") = "Notes.Persistence", "Notes.Persistence\Notes.Persistence.csproj", "{E3EE8EBB-8DC5-41BB-AAF8-393B3F188718}"
EndProject
Project("{9A19103F-16F7-4668-BE54-9A1E7A4F7556}") = "Notes.WebApi", "Notes.WebApi\Notes.WebApi.csproj", "{A56ECE79-B1F0-47C7-B261-ABF9EC991E54}"
EndProject
Project("{FAE04EC0-301F-11D3-BF4B-00C04F79EFBC}") = "Notes.Tests", "Notes.Tests\Notes.Tests.csproj", "{88510912-17BC-49DA-88EC-326B5ACCB930}"
EndProject
Global
	GlobalSection(SolutionConfigurationPlatforms) = preSolution
		Debug|Any CPU = Debug|Any CPU
		Release|Any CPU = Release|Any CPU
	EndGlobalSection
	GlobalSection(ProjectConfigurationPlatforms) = postSolution
		{411C98D6-EB40-4439-BC62-ED51A00A76B7}.Debug|Any CPU.ActiveCfg = Debug|Any CPU
		{411C98D6-EB40-4439-BC62-ED51A00A76B7}.Debug|Any CPU.Build.0 = Debug|Any CPU
		{411C98D6-EB40-4439-BC62-ED51A00A76B7}.Release|Any CPU.ActiveCfg = Release|Any CPU
		{411C98D6-EB40-4439-BC62-ED51A00A76B7}.Release|Any CPU.Build.0 = Release|Any CPU
		{91E8803D-126C-4A78-81C5-68E6D34D9A71}.Debug|Any CPU.ActiveCfg = Debug|Any CPU
		{91E8803D-126C-4A78-81C5-68E6D34D9A71}.Debug|Any CPU.Build.0 = Debug|Any CPU
		{91E8803D-126C-4A78-81C5-68E6D34D9A71}.Release|Any CPU.ActiveCfg = Release|Any CPU
		{91E8803D-126C-4A78-81C5-68E6D34D9A71}.Release|Any CPU.Build.0 = Release|Any CPU
		{E3EE8EBB-8DC5-41BB-AAF8-393B3F188718}.Debug|Any CPU.ActiveCfg = Debug|Any CPU
		{E3EE8EBB-8DC5-41BB-AAF8-393B3F188718}.Debug|Any CPU.Build.0 = Debug|Any CPU
		{E3EE8EBB-8DC5-41BB-AAF8-393B3F188718}.Release|Any CPU.ActiveCfg = Release|Any CPU
		{E3EE8EBB-8DC5-41BB-AAF8-393B3F188718}.Release|Any CPU.Build.0 = Release|Any CPU
		{A56ECE79-B1F0-47C7-B261-ABF9EC991E54}.Debug|Any CPU.ActiveCfg = Debug|Any CPU
		{A56ECE79-B1F0-47C7-B261-ABF9EC991E54}.Debug|Any CPU.Build.0 = Debug|Any CPU
		{A56ECE79-B1F0-47C7-B261-ABF9EC991E54}.Release|Any CPU.ActiveCfg = Release|Any CPU
		{A56ECE79-B1F0-47C7-B261-ABF9EC991E54}.Release|Any CPU.Build.0 = Release|Any CPU
		{88510912-17BC-49DA-88EC-326B5ACCB930}.Debug|Any CPU.ActiveCfg = Debug|Any CPU
		{88510912-17BC-49DA-88EC-326B5ACCB930}.Debug|Any CPU.Build.0 = Debug|Any CPU
		{88510912-17BC-49DA-88EC-326B5ACCB930}.Release|Any CPU.ActiveCfg = Release|Any CPU
		{88510912-17BC-49DA-88EC-326B5ACCB930}.Release|Any CPU.Build.0 = Release|Any CPU
	EndGlobalSection
	GlobalSection(SolutionProperties) = preSolution
		HideSolutionNode = FALSE
	EndGlobalSection
	GlobalSection(NestedProjects) = preSolution
		{411C98D6-EB40-4439-BC62-ED51A00A76B7} = {A8C83C64-C748-4C20-B738-F03FDD108476}
		{91E8803D-126C-4A78-81C5-68E6D34D9A71} = {A8C83C64-C748-4C20-B738-F03FDD108476}
		{E3EE8EBB-8DC5-41BB-AAF8-393B3F188718} = {62CEDA6B-2F3A-42CB-B555-8DB6DDB9BE43}
		{A56ECE79-B1F0-47C7-B261-ABF9EC991E54} = {CAD6F5E6-05C8-4A64-AA7F-5B6952BB0DA6}
		{88510912-17BC-49DA-88EC-326B5ACCB930} = {89070190-38B5-44B7-B47B-868FAE502191}
	EndGlobalSection
	GlobalSection(ExtensibilityGlobals) = postSolution
		SolutionGuid = {293F7A75-2BCB-4DEE-A6BE-E54795E8B5C6}
	EndGlobalSection
EndGlobal
